# THIS IS AN AUTOGENERATED FILE. DO NOT EDIT THIS FILE DIRECTLY.
# yarn lockfile v1


"@noble/curves@1.1.0":
  version "1.1.0"
  resolved "https://registry.yarnpkg.com/@noble/curves/-/curves-1.1.0.tgz#f13fc667c89184bc04cccb9b11e8e7bae27d8c3d"
  integrity sha512-091oBExgENk/kGj3AZmtBDMpxQPDtxQABR2B9lb1JbVTs6ytdzZNwvhxQ4MWasRNEzlbEH8jCWFCwhF/Obj5AA==
  dependencies:
    "@noble/hashes" "1.3.1"

"@noble/hashes@1.3.1":
  version "1.3.1"
  resolved "https://registry.yarnpkg.com/@noble/hashes/-/hashes-1.3.1.tgz#8831ef002114670c603c458ab8b11328406953a9"
  integrity sha512-EbqwksQwz9xDRGfDST86whPBgM65E0OH/pCgqW0GBVzO22bNE+NuIbeTb714+IfSjU3aRk47EUvXIb5bTsenKA==

"@polkadot/api-augment@10.9.1":
  version "10.9.1"
  resolved "https://registry.yarnpkg.com/@polkadot/api-augment/-/api-augment-10.9.1.tgz#9fc81b81903229bb23b0b16783e97ec52a5d4f1b"
  integrity sha512-kRZZvCFVcN4hAH4dJ+Qzfdy27/4EEq3oLDf3ihj0LTVrAezSWcKPGE3EVFy+Mn6Lo4SUc7RVyoKvIUhSk2l4Dg==
  dependencies:
    "@polkadot/api-base" "10.9.1"
    "@polkadot/rpc-augment" "10.9.1"
    "@polkadot/types" "10.9.1"
    "@polkadot/types-augment" "10.9.1"
    "@polkadot/types-codec" "10.9.1"
    "@polkadot/util" "^12.3.1"
    tslib "^2.5.3"

"@polkadot/api-base@10.9.1":
  version "10.9.1"
  resolved "https://registry.yarnpkg.com/@polkadot/api-base/-/api-base-10.9.1.tgz#27f63c4950814c2f10535f794121fa1384dc2207"
  integrity sha512-Q3m2KzlceMK2kX8bhnUZWk3RT6emmijeeFZZQgCePpEcrSeNjnqG4qjuTPgkveaOkUT8MAoDc5Avuzcc2jlW9g==
  dependencies:
    "@polkadot/rpc-core" "10.9.1"
    "@polkadot/types" "10.9.1"
    "@polkadot/util" "^12.3.1"
    rxjs "^7.8.1"
    tslib "^2.5.3"

"@polkadot/api-derive@10.9.1":
  version "10.9.1"
  resolved "https://registry.yarnpkg.com/@polkadot/api-derive/-/api-derive-10.9.1.tgz#04a4ca3285fd215c4cd50cfb3f4791d38dd90050"
  integrity sha512-mRud1UZCFIc4Z63qAoGSIHh/foyUYADfy1RQYCmPpeFKfIdCIrHpd7xFdJXTOMYOS0BwlM6u4qli/ZT4XigezQ==
  dependencies:
    "@polkadot/api" "10.9.1"
    "@polkadot/api-augment" "10.9.1"
    "@polkadot/api-base" "10.9.1"
    "@polkadot/rpc-core" "10.9.1"
    "@polkadot/types" "10.9.1"
    "@polkadot/types-codec" "10.9.1"
    "@polkadot/util" "^12.3.1"
    "@polkadot/util-crypto" "^12.3.1"
    rxjs "^7.8.1"
    tslib "^2.5.3"

"@polkadot/api@10.9.1", "@polkadot/api@^10.6.1":
  version "10.9.1"
  resolved "https://registry.yarnpkg.com/@polkadot/api/-/api-10.9.1.tgz#156b3436f45ef18218960804988c1f552d2c4e46"
  integrity sha512-ND/2UqZBWvtt4PfV03OStTKg0mxmPk4UpMAgJKutdgsz/wP9CYJ1KbjwFgPNekL9JnzbKQsWyQNPVrcw7kQk8A==
  dependencies:
    "@polkadot/api-augment" "10.9.1"
    "@polkadot/api-base" "10.9.1"
    "@polkadot/api-derive" "10.9.1"
    "@polkadot/keyring" "^12.3.1"
    "@polkadot/rpc-augment" "10.9.1"
    "@polkadot/rpc-core" "10.9.1"
    "@polkadot/rpc-provider" "10.9.1"
    "@polkadot/types" "10.9.1"
    "@polkadot/types-augment" "10.9.1"
    "@polkadot/types-codec" "10.9.1"
    "@polkadot/types-create" "10.9.1"
    "@polkadot/types-known" "10.9.1"
    "@polkadot/util" "^12.3.1"
    "@polkadot/util-crypto" "^12.3.1"
    eventemitter3 "^5.0.1"
    rxjs "^7.8.1"
    tslib "^2.5.3"

"@polkadot/keyring@^12.3.1":
  version "12.3.2"
  resolved "https://registry.yarnpkg.com/@polkadot/keyring/-/keyring-12.3.2.tgz#112a0c28816a1f47edad6260dc94222c29465a54"
  integrity sha512-NTdtDeI0DP9l/45hXynNABeP5VB8piw5YR+CbUxK2e36xpJWVXwbcOepzslg5ghE9rs8UKJb30Z/HqTU4sBY0Q==
  dependencies:
    "@polkadot/util" "12.3.2"
    "@polkadot/util-crypto" "12.3.2"
    tslib "^2.5.3"

"@polkadot/networks@12.3.2", "@polkadot/networks@^12.3.1":
  version "12.3.2"
  resolved "https://registry.yarnpkg.com/@polkadot/networks/-/networks-12.3.2.tgz#131b0439c481add159814dd2cf0286c6c3fe5b3b"
  integrity sha512-uCkyybKoeEm1daKr0uT/9oNDHDDzCy2/ZdVl346hQqfdR1Ct3BaxMjxqvdmb5N8aCw0cBWSfgsxAYtw8ESmllQ==
  dependencies:
    "@polkadot/util" "12.3.2"
    "@substrate/ss58-registry" "^1.40.0"
    tslib "^2.5.3"

"@polkadot/rpc-augment@10.9.1":
  version "10.9.1"
  resolved "https://registry.yarnpkg.com/@polkadot/rpc-augment/-/rpc-augment-10.9.1.tgz#214ec3ee145d20caa61ea204041a3aadb89c6b0f"
  integrity sha512-MaLHkNlyqN20ZRYr6uNd1BZr1OsrnX9qLAmsl0mcrri1vPGRH6VHjfFH1RBLkikpWD82v17g0l2hLwdV1ZHMcw==
  dependencies:
    "@polkadot/rpc-core" "10.9.1"
    "@polkadot/types" "10.9.1"
    "@polkadot/types-codec" "10.9.1"
    "@polkadot/util" "^12.3.1"
    tslib "^2.5.3"

"@polkadot/rpc-core@10.9.1":
  version "10.9.1"
  resolved "https://registry.yarnpkg.com/@polkadot/rpc-core/-/rpc-core-10.9.1.tgz#798c514dbed6f6c2e43098a494c9f51fb144dc31"
  integrity sha512-ZtA8B8SfXSAwVkBlCcKRHw0eSM7ec/sbiNOM5GasXPeRujUgT7lOwSH2GbUZSqe9RfRDMp6DvO9c2JoGc3LLWw==
  dependencies:
    "@polkadot/rpc-augment" "10.9.1"
    "@polkadot/rpc-provider" "10.9.1"
    "@polkadot/types" "10.9.1"
    "@polkadot/util" "^12.3.1"
    rxjs "^7.8.1"
    tslib "^2.5.3"

"@polkadot/rpc-provider@10.9.1":
  version "10.9.1"
  resolved "https://registry.yarnpkg.com/@polkadot/rpc-provider/-/rpc-provider-10.9.1.tgz#de3a474bbcd26d28d9cd3134acdb3b5ce92b680b"
  integrity sha512-4QzT2QzD+320+eT6b79sGAA85Tt3Bb8fQvse4r5Mom2iiBd2SO81vOhxSAOaIe4GUsw25VzFJmsbe7+OObItdg==
  dependencies:
    "@polkadot/keyring" "^12.3.1"
    "@polkadot/types" "10.9.1"
    "@polkadot/types-support" "10.9.1"
    "@polkadot/util" "^12.3.1"
    "@polkadot/util-crypto" "^12.3.1"
    "@polkadot/x-fetch" "^12.3.1"
    "@polkadot/x-global" "^12.3.1"
    "@polkadot/x-ws" "^12.3.1"
    eventemitter3 "^5.0.1"
    mock-socket "^9.2.1"
    nock "^13.3.1"
    tslib "^2.5.3"
  optionalDependencies:
    "@substrate/connect" "0.7.26"

"@polkadot/types-augment@10.9.1":
  version "10.9.1"
  resolved "https://registry.yarnpkg.com/@polkadot/types-augment/-/types-augment-10.9.1.tgz#5f1c1225c04ffbfe243629a46087c9c9de25a6b3"
  integrity sha512-OY9/jTMFRFqYdkUnfcGwqMLC64A0Q25bjvCuVQCVjsPFKE3wl0Kt5rNT01eV2UmLXrR6fY0xWbR2w80bLA7CIQ==
  dependencies:
    "@polkadot/types" "10.9.1"
    "@polkadot/types-codec" "10.9.1"
    "@polkadot/util" "^12.3.1"
    tslib "^2.5.3"

"@polkadot/types-codec@10.9.1":
  version "10.9.1"
  resolved "https://registry.yarnpkg.com/@polkadot/types-codec/-/types-codec-10.9.1.tgz#f30026d3dfeaa69c07c45fa66d1c39318fd232cc"
  integrity sha512-mJ5OegKGraY1FLvEa8FopRCr3pQrhDkcn5RNOjmgJQozENVeRaxhk0NwxYz7IojFvSDnKnc6lNQfKaaSe5pLHg==
  dependencies:
    "@polkadot/util" "^12.3.1"
    "@polkadot/x-bigint" "^12.3.1"
    tslib "^2.5.3"

"@polkadot/types-create@10.9.1":
  version "10.9.1"
  resolved "https://registry.yarnpkg.com/@polkadot/types-create/-/types-create-10.9.1.tgz#087d7e2af51cce558b67e3859613b932a3bdc0a3"
  integrity sha512-OVz50MGTTuiuVnRP/zAx4CTuLioc0hsiwNwqN2lNhmIJGtnQ4Vy/7mQRsIWehiYz6g0Vzzm5B3qWkTXO1NSN5w==
  dependencies:
    "@polkadot/types-codec" "10.9.1"
    "@polkadot/util" "^12.3.1"
    tslib "^2.5.3"

"@polkadot/types-known@10.9.1":
  version "10.9.1"
  resolved "https://registry.yarnpkg.com/@polkadot/types-known/-/types-known-10.9.1.tgz#fe0c7e55191aa843119edcaf9abb5d2471463a7d"
  integrity sha512-zCMVWc4pJtkbMFPu72bD4IhvV/gkHXPX3C5uu92WdmCfnn0vEIEsMKWlVXVVvQQZKAqvs/awpqIfrUtEViOGEA==
  dependencies:
    "@polkadot/networks" "^12.3.1"
    "@polkadot/types" "10.9.1"
    "@polkadot/types-codec" "10.9.1"
    "@polkadot/types-create" "10.9.1"
    "@polkadot/util" "^12.3.1"
    tslib "^2.5.3"

"@polkadot/types-support@10.9.1":
  version "10.9.1"
  resolved "https://registry.yarnpkg.com/@polkadot/types-support/-/types-support-10.9.1.tgz#17a861aab8e5a225a4e20cefa2d16076ddd51baf"
  integrity sha512-XsieuLDsszvMZQlleacQBfx07i/JkwQV/UxH9q8Hz7Okmaz9pEVEW1h3ka2/cPuC7a4l32JhaORBUYshBZNdJg==
  dependencies:
    "@polkadot/util" "^12.3.1"
    tslib "^2.5.3"

"@polkadot/types@10.9.1":
  version "10.9.1"
  resolved "https://registry.yarnpkg.com/@polkadot/types/-/types-10.9.1.tgz#f111d00f7278ad3be95deba3d701fafefe080cb2"
  integrity sha512-AG33i2ZGGfq7u+5rkAdGrXAQHHl844/Yv+junH5ZzX69xiCoWO1bH/yzDUNBdpki2GlACWvF9nLYh3F2tVF93w==
  dependencies:
    "@polkadot/keyring" "^12.3.1"
    "@polkadot/types-augment" "10.9.1"
    "@polkadot/types-codec" "10.9.1"
    "@polkadot/types-create" "10.9.1"
    "@polkadot/util" "^12.3.1"
    "@polkadot/util-crypto" "^12.3.1"
    rxjs "^7.8.1"
    tslib "^2.5.3"

"@polkadot/util-crypto@12.3.2", "@polkadot/util-crypto@^12.1.2", "@polkadot/util-crypto@^12.3.1":
  version "12.3.2"
  resolved "https://registry.yarnpkg.com/@polkadot/util-crypto/-/util-crypto-12.3.2.tgz#42d810886904e06fa6e5db254c15f6ef80f4ab72"
  integrity sha512-pTpx+YxolY0BDT4RcGmgeKbHHD/dI6Ll9xRsqmVdIjpcVVY20uDNTyXs81ZNtfKgyod1y9JQkfNv2Dz9iEpTkQ==
  dependencies:
    "@noble/curves" "1.1.0"
    "@noble/hashes" "1.3.1"
    "@polkadot/networks" "12.3.2"
    "@polkadot/util" "12.3.2"
    "@polkadot/wasm-crypto" "^7.2.1"
    "@polkadot/wasm-util" "^7.2.1"
    "@polkadot/x-bigint" "12.3.2"
    "@polkadot/x-randomvalues" "12.3.2"
    "@scure/base" "1.1.1"
    tslib "^2.5.3"

"@polkadot/util@12.3.2", "@polkadot/util@^12.3.1":
  version "12.3.2"
  resolved "https://registry.yarnpkg.com/@polkadot/util/-/util-12.3.2.tgz#f46e147b0e6a426da5ba59df4ce65de1a3effe4a"
  integrity sha512-y/JShcGyOamCUiSIg++XZuLHt1ktSKBaSH2K5Nw5NXlgP0+7am+GZzqPB8fQ4qhYLruEOv+YRiz0GC1Zr9S+wg==
  dependencies:
    "@polkadot/x-bigint" "12.3.2"
    "@polkadot/x-global" "12.3.2"
    "@polkadot/x-textdecoder" "12.3.2"
    "@polkadot/x-textencoder" "12.3.2"
    "@types/bn.js" "^5.1.1"
    bn.js "^5.2.1"
    tslib "^2.5.3"

"@polkadot/wasm-bridge@7.2.1":
  version "7.2.1"
  resolved "https://registry.yarnpkg.com/@polkadot/wasm-bridge/-/wasm-bridge-7.2.1.tgz#8464a96552207d2b49c6f32137b24132534b91ee"
  integrity sha512-uV/LHREDBGBbHrrv7HTki+Klw0PYZzFomagFWII4lp6Toj/VCvRh5WMzooVC+g/XsBGosAwrvBhoModabyHx+A==
  dependencies:
    "@polkadot/wasm-util" "7.2.1"
    tslib "^2.5.0"

"@polkadot/wasm-crypto-asmjs@7.2.1":
  version "7.2.1"
  resolved "https://registry.yarnpkg.com/@polkadot/wasm-crypto-asmjs/-/wasm-crypto-asmjs-7.2.1.tgz#3e7a91e2905ab7354bc37b82f3e151a62bb024db"
  integrity sha512-z/d21bmxyVfkzGsKef/FWswKX02x5lK97f4NPBZ9XBeiFkmzlXhdSnu58/+b1sKsRAGdW/Rn/rTNRDhW0GqCAg==
  dependencies:
    tslib "^2.5.0"

"@polkadot/wasm-crypto-init@7.2.1":
  version "7.2.1"
  resolved "https://registry.yarnpkg.com/@polkadot/wasm-crypto-init/-/wasm-crypto-init-7.2.1.tgz#9dbba41ed7d382575240f1483cf5a139ff2787bd"
  integrity sha512-GcEXtwN9LcSf32V9zSaYjHImFw16hCyo2Xzg4GLLDPPeaAAfbFr2oQMgwyDbvBrBjLKHVHjsPZyGhXae831amw==
  dependencies:
    "@polkadot/wasm-bridge" "7.2.1"
    "@polkadot/wasm-crypto-asmjs" "7.2.1"
    "@polkadot/wasm-crypto-wasm" "7.2.1"
    "@polkadot/wasm-util" "7.2.1"
    tslib "^2.5.0"

"@polkadot/wasm-crypto-wasm@7.2.1":
  version "7.2.1"
  resolved "https://registry.yarnpkg.com/@polkadot/wasm-crypto-wasm/-/wasm-crypto-wasm-7.2.1.tgz#d2486322c725f6e5d2cc2d6abcb77ecbbaedc738"
  integrity sha512-DqyXE4rSD0CVlLIw88B58+HHNyrvm+JAnYyuEDYZwCvzUWOCNos/DDg9wi/K39VAIsCCKDmwKqkkfIofuOj/lA==
  dependencies:
    "@polkadot/wasm-util" "7.2.1"
    tslib "^2.5.0"

"@polkadot/wasm-crypto@^7.2.1":
  version "7.2.1"
  resolved "https://registry.yarnpkg.com/@polkadot/wasm-crypto/-/wasm-crypto-7.2.1.tgz#db671dcb73f1646dc13478b5ffc3be18c64babe1"
  integrity sha512-SA2+33S9TAwGhniKgztVN6pxUKpGfN4Tre/eUZGUfpgRkT92wIUT2GpGWQE+fCCqGQgADrNiBcwt6XwdPqMQ4Q==
  dependencies:
    "@polkadot/wasm-bridge" "7.2.1"
    "@polkadot/wasm-crypto-asmjs" "7.2.1"
    "@polkadot/wasm-crypto-init" "7.2.1"
    "@polkadot/wasm-crypto-wasm" "7.2.1"
    "@polkadot/wasm-util" "7.2.1"
    tslib "^2.5.0"

"@polkadot/wasm-util@7.2.1", "@polkadot/wasm-util@^7.2.1":
  version "7.2.1"
  resolved "https://registry.yarnpkg.com/@polkadot/wasm-util/-/wasm-util-7.2.1.tgz#fda233120ec02f77f0d14e4d3c7ad9ce06535fb8"
  integrity sha512-FBSn/3aYJzhN0sYAYhHB8y9JL8mVgxLy4M1kUXYbyo+8GLRQEN5rns8Vcb8TAlIzBWgVTOOptYBvxo0oj0h7Og==
  dependencies:
    tslib "^2.5.0"

"@polkadot/x-bigint@12.3.2", "@polkadot/x-bigint@^12.3.1":
  version "12.3.2"
  resolved "https://registry.yarnpkg.com/@polkadot/x-bigint/-/x-bigint-12.3.2.tgz#0e99489cc7938bed40762aaaed58ded6850ab54b"
  integrity sha512-JLqLgfGXe/x+hZJETd5ZqfpVsbwyMsH5Nn1Q20ineMMjXN/ig+kVR8Mc15LXBMuw4g7LldFW6UUrotWnuMI8Yw==
  dependencies:
    "@polkadot/x-global" "12.3.2"
    tslib "^2.5.3"

"@polkadot/x-fetch@^12.3.1":
  version "12.3.2"
  resolved "https://registry.yarnpkg.com/@polkadot/x-fetch/-/x-fetch-12.3.2.tgz#7e8d2113268e792dd5d1b259ef13839c6aa77996"
  integrity sha512-3IEuZ5S+RI/t33NsdPLIIa5COfDCfpUW2sbaByEczn75aD1jLqJZSEDwiBniJ2osyNd4uUxBf6e5jw7LAZeZJg==
  dependencies:
    "@polkadot/x-global" "12.3.2"
    node-fetch "^3.3.1"
    tslib "^2.5.3"

"@polkadot/x-global@12.3.2", "@polkadot/x-global@^12.3.1":
  version "12.3.2"
  resolved "https://registry.yarnpkg.com/@polkadot/x-global/-/x-global-12.3.2.tgz#04ac0b0e559a35107f0b95ff7889fcade3796aa3"
  integrity sha512-yVZq6oIegjlyh5rUZiTklgu+fL+W/DG1ypEa02683tUCB3avV5cA3PAHKptMSlb6FpweHu37lKKrqfAWrraDxg==
  dependencies:
    tslib "^2.5.3"

"@polkadot/x-randomvalues@12.3.2":
  version "12.3.2"
  resolved "https://registry.yarnpkg.com/@polkadot/x-randomvalues/-/x-randomvalues-12.3.2.tgz#43ac489a998098bdd40b3f82f28adb5b542db2a5"
  integrity sha512-ywjIs8CWpvOGmq+3cGCNPOHxAjPHdBUiXyDccftx5BRVdmtbt36gK/V84bKr6Xs73FGu0jprUAOSRRsLZX/3dg==
  dependencies:
    "@polkadot/x-global" "12.3.2"
    tslib "^2.5.3"

"@polkadot/x-textdecoder@12.3.2":
  version "12.3.2"
  resolved "https://registry.yarnpkg.com/@polkadot/x-textdecoder/-/x-textdecoder-12.3.2.tgz#bbd5682744f3552ce5d4d792ff48a3ca525eafcf"
  integrity sha512-lY5bfA5xArJRWEJlYOlQQMJeTjWD8s0yMhchirVgf5xj8Id9vPGeUoneH+VFDEwgXxrqBvDFJ4smN4T/r6a/fg==
  dependencies:
    "@polkadot/x-global" "12.3.2"
    tslib "^2.5.3"

"@polkadot/x-textencoder@12.3.2":
  version "12.3.2"
  resolved "https://registry.yarnpkg.com/@polkadot/x-textencoder/-/x-textencoder-12.3.2.tgz#223e6f6dd78e2d81c6dcc6f244c76ceae7b08e32"
  integrity sha512-iP3qEBiHzBckQ9zeY7ZHRWuu7mCEg5SMpOugs6UODRk8sx6KHzGQYlghBbWLit0uppPDVE0ifEwZ2n73djJHWQ==
  dependencies:
    "@polkadot/x-global" "12.3.2"
    tslib "^2.5.3"

"@polkadot/x-ws@^12.3.1":
  version "12.3.2"
  resolved "https://registry.yarnpkg.com/@polkadot/x-ws/-/x-ws-12.3.2.tgz#422559dfbdaac4c965d5e1b406b6cc4529214f94"
  integrity sha512-yM9Z64pLNlHpJE43+Xtr+iUXmYpFFY5u5hrke2PJt13O48H8f9Vb9cRaIh94appLyICoS0aekGhDkGH+MCspBA==
  dependencies:
    "@polkadot/x-global" "12.3.2"
    tslib "^2.5.3"
    ws "^8.13.0"

"@scure/base@1.1.1":
  version "1.1.1"
  resolved "https://registry.yarnpkg.com/@scure/base/-/base-1.1.1.tgz#ebb651ee52ff84f420097055f4bf46cfba403938"
  integrity sha512-ZxOhsSyxYwLJj3pLZCefNitxsj093tb2vq90mp2txoYeBqbcjDjqFhyM8eUjq/uFm6zJ+mUuqxlS2FkuSY1MTA==

"@substrate/connect-extension-protocol@^1.0.1":
  version "1.0.1"
  resolved "https://registry.yarnpkg.com/@substrate/connect-extension-protocol/-/connect-extension-protocol-1.0.1.tgz#fa5738039586c648013caa6a0c95c43265dbe77d"
  integrity sha512-161JhCC1csjH3GE5mPLEd7HbWtwNSPJBg3p1Ksz9SFlTzj/bgEwudiRN2y5i0MoLGCIJRYKyKGMxVnd29PzNjg==

"@substrate/connect@0.7.26":
  version "0.7.26"
  resolved "https://registry.yarnpkg.com/@substrate/connect/-/connect-0.7.26.tgz#a0ee5180c9cb2f29250d1219a32f7b7e7dea1196"
  integrity sha512-uuGSiroGuKWj1+38n1kY5HReer5iL9bRwPCzuoLtqAOmI1fGI0hsSI2LlNQMAbfRgr7VRHXOk5MTuQf5ulsFRw==
  dependencies:
    "@substrate/connect-extension-protocol" "^1.0.1"
    eventemitter3 "^4.0.7"
    smoldot "1.0.4"

"@substrate/ss58-registry@^1.40.0":
  version "1.40.0"
  resolved "https://registry.yarnpkg.com/@substrate/ss58-registry/-/ss58-registry-1.40.0.tgz#2223409c496271df786c1ca8496898896595441e"
  integrity sha512-QuU2nBql3J4KCnOWtWDw4n1K4JU0T79j54ZZvm/9nhsX6AIar13FyhsaBfs6QkJ2ixTQAnd7TocJIoJRWbqMZA==

"@types/bn.js@^5.1.1":
  version "5.1.1"
  resolved "https://registry.yarnpkg.com/@types/bn.js/-/bn.js-5.1.1.tgz#b51e1b55920a4ca26e9285ff79936bbdec910682"
  integrity sha512-qNrYbZqMx0uJAfKnKclPh+dTwK33KfLHYqtyODwd5HnXOjnkhc4qgn3BrK6RWyGZm5+sIFE7Q7Vz6QQtJB7w7g==
  dependencies:
    "@types/node" "*"

"@types/node@*":
  version "20.3.2"
  resolved "https://registry.yarnpkg.com/@types/node/-/node-20.3.2.tgz#fa6a90f2600e052a03c18b8cb3fd83dd4e599898"
  integrity sha512-vOBLVQeCQfIcF/2Y7eKFTqrMnizK5lRNQ7ykML/5RuwVXVWxYkgwS7xbt4B6fKCUPgbSL5FSsjHQpaGQP/dQmw==

available-typed-arrays@^1.0.5:
  version "1.0.5"
  resolved "https://registry.yarnpkg.com/available-typed-arrays/-/available-typed-arrays-1.0.5.tgz#92f95616501069d07d10edb2fc37d3e1c65123b7"
  integrity sha512-DMD0KiN46eipeziST1LPP/STfDU0sufISXmjSgvVsoU2tqxctQeASejWcfNtxYKqETM1UxQ8sp2OrSBWpHY6sw==

aws-sdk@^2.1377.0:
  version "2.1406.0"
  resolved "https://registry.yarnpkg.com/aws-sdk/-/aws-sdk-2.1406.0.tgz#56b83d00912575ec32181ada8fb58c92eb03eaa7"
  integrity sha512-kzZm+DF1OZHr7MXW++NWCbopZgTxQExth9ZEHdSrtm2iBdPSw5yM+0NS7+iIOGEDvwTzTJOZM4yHEaw3zRA3QQ==
  dependencies:
    buffer "4.9.2"
    events "1.1.1"
    ieee754 "1.1.13"
    jmespath "0.16.0"
    querystring "0.2.0"
    sax "1.2.1"
    url "0.10.3"
    util "^0.12.4"
    uuid "8.0.0"
    xml2js "0.5.0"

base64-js@^1.0.2:
  version "1.5.1"
  resolved "https://registry.yarnpkg.com/base64-js/-/base64-js-1.5.1.tgz#1b1b440160a5bf7ad40b650f095963481903930a"
  integrity sha512-AKpaYlHn8t4SVbOHCy+b5+KKgvR4vrsD8vbvrbiQJps7fKDTkjkDry6ji0rUJjC0kzbNePLwzxq8iypo41qeWA==

bn.js@^5.2.1:
  version "5.2.1"
  resolved "https://registry.yarnpkg.com/bn.js/-/bn.js-5.2.1.tgz#0bc527a6a0d18d0aa8d5b0538ce4a77dccfa7b70"
  integrity sha512-eXRvHzWyYPBuB4NBy0cmYQjGitUrtqwbvlzP3G6VFnNRbsZQIxQ10PbKKHt8gZ/HW/D/747aDl+QkDqg3KQLMQ==

buffer@4.9.2:
  version "4.9.2"
  resolved "https://registry.yarnpkg.com/buffer/-/buffer-4.9.2.tgz#230ead344002988644841ab0244af8c44bbe3ef8"
  integrity sha512-xq+q3SRMOxGivLhBNaUdC64hDTQwejJ+H0T/NB1XMtTVEwNTrfFF3gAxiyW0Bu/xWEGhjVKgUcMhCrUy2+uCWg==
  dependencies:
    base64-js "^1.0.2"
    ieee754 "^1.1.4"
    isarray "^1.0.0"

call-bind@^1.0.2:
  version "1.0.2"
  resolved "https://registry.yarnpkg.com/call-bind/-/call-bind-1.0.2.tgz#b1d4e89e688119c3c9a903ad30abb2f6a919be3c"
  integrity sha512-7O+FbCihrB5WGbFYesctwmTKae6rOiIzmz1icreWJ+0aA7LJfuqhEso2T9ncpcFtzMQtzXf2QGGueWJGTYsqrA==
  dependencies:
    function-bind "^1.1.1"
    get-intrinsic "^1.0.2"

data-uri-to-buffer@^4.0.0:
  version "4.0.1"
  resolved "https://registry.yarnpkg.com/data-uri-to-buffer/-/data-uri-to-buffer-4.0.1.tgz#d8feb2b2881e6a4f58c2e08acfd0e2834e26222e"
  integrity sha512-0R9ikRb668HB7QDxT1vkpuUBtqc53YyAwMwGeUFKRojY/NWKvdZ+9UYtRfGmhqNbRkTSVpMbmyhXipFFv2cb/A==

debug@^4.1.0:
  version "4.3.4"
  resolved "https://registry.yarnpkg.com/debug/-/debug-4.3.4.tgz#1319f6579357f2338d3337d2cdd4914bb5dcc865"
  integrity sha512-PRWFHuSU3eDtQJPvnNY7Jcket1j0t5OuOsFzPPzsekD52Zl8qUfFIPEiswXqIvHWGVHOgX+7G/vCNNhehwxfkQ==
  dependencies:
    ms "2.1.2"

eventemitter3@^4.0.7:
  version "4.0.7"
  resolved "https://registry.yarnpkg.com/eventemitter3/-/eventemitter3-4.0.7.tgz#2de9b68f6528d5644ef5c59526a1b4a07306169f"
  integrity sha512-8guHBZCwKnFhYdHr2ysuRWErTwhoN2X8XELRlrRwpmfeY2jjuUN4taQMsULKUVo1K4DvZl+0pgfyoysHxvmvEw==

eventemitter3@^5.0.1:
  version "5.0.1"
  resolved "https://registry.yarnpkg.com/eventemitter3/-/eventemitter3-5.0.1.tgz#53f5ffd0a492ac800721bb42c66b841de96423c4"
  integrity sha512-GWkBvjiSZK87ELrYOSESUYeVIc9mvLLf/nXalMOS5dYrgZq9o5OVkbZAVM06CVxYsCwH9BDZFPlQTlPA1j4ahA==

events@1.1.1:
  version "1.1.1"
  resolved "https://registry.yarnpkg.com/events/-/events-1.1.1.tgz#9ebdb7635ad099c70dcc4c2a1f5004288e8bd924"
  integrity sha512-kEcvvCBByWXGnZy6JUlgAp2gBIUjfCAV6P6TgT1/aaQKcmuAEC4OZTV1I4EWQLz2gxZw76atuVyvHhTxvi0Flw==

fetch-blob@^3.1.2, fetch-blob@^3.1.4:
  version "3.2.0"
  resolved "https://registry.yarnpkg.com/fetch-blob/-/fetch-blob-3.2.0.tgz#f09b8d4bbd45adc6f0c20b7e787e793e309dcce9"
  integrity sha512-7yAQpD2UMJzLi1Dqv7qFYnPbaPx7ZfFK6PiIxQ4PfkGPyNyl2Ugx+a/umUonmKqjhM4DnfbMvdX6otXq83soQQ==
  dependencies:
    node-domexception "^1.0.0"
    web-streams-polyfill "^3.0.3"

for-each@^0.3.3:
  version "0.3.3"
  resolved "https://registry.yarnpkg.com/for-each/-/for-each-0.3.3.tgz#69b447e88a0a5d32c3e7084f3f1710034b21376e"
  integrity sha512-jqYfLp7mo9vIyQf8ykW2v7A+2N4QjeCeI5+Dz9XraiO1ign81wjiH7Fb9vSOWvQfNtmSa4H2RoQTrrXivdUZmw==
  dependencies:
    is-callable "^1.1.3"

formdata-polyfill@^4.0.10:
  version "4.0.10"
  resolved "https://registry.yarnpkg.com/formdata-polyfill/-/formdata-polyfill-4.0.10.tgz#24807c31c9d402e002ab3d8c720144ceb8848423"
  integrity sha512-buewHzMvYL29jdeQTVILecSaZKnt/RJWjoZCF5OW60Z67/GmSLBkOFM7qh1PI3zFNtJbaZL5eQu1vLfazOwj4g==
  dependencies:
    fetch-blob "^3.1.2"

fs@^0.0.1-security:
  version "0.0.1-security"
  resolved "https://registry.yarnpkg.com/fs/-/fs-0.0.1-security.tgz#8a7bd37186b6dddf3813f23858b57ecaaf5e41d4"
  integrity sha512-3XY9e1pP0CVEUCdj5BmfIZxRBTSDycnbqhIOGec9QYtmVH2fbLpj86CFWkrNOkt/Fvty4KZG5lTglL9j/gJ87w==

function-bind@^1.1.1:
  version "1.1.1"
  resolved "https://registry.yarnpkg.com/function-bind/-/function-bind-1.1.1.tgz#a56899d3ea3c9bab874bb9773b7c5ede92f4895d"
  integrity sha512-yIovAzMX49sF8Yl58fSCWJ5svSLuaibPxXQJFLmBObTuCr0Mf1KiPopGM9NiFjiYBCbfaa2Fh6breQ6ANVTI0A==

get-intrinsic@^1.0.2, get-intrinsic@^1.1.3:
  version "1.2.1"
  resolved "https://registry.yarnpkg.com/get-intrinsic/-/get-intrinsic-1.2.1.tgz#d295644fed4505fc9cde952c37ee12b477a83d82"
  integrity sha512-2DcsyfABl+gVHEfCOaTrWgyt+tb6MSEGmKq+kI5HwLbIYgjgmMcV8KQ41uaKz1xxUcn9tJtgFbQUEVcEbd0FYw==
  dependencies:
    function-bind "^1.1.1"
    has "^1.0.3"
    has-proto "^1.0.1"
    has-symbols "^1.0.3"

gopd@^1.0.1:
  version "1.0.1"
  resolved "https://registry.yarnpkg.com/gopd/-/gopd-1.0.1.tgz#29ff76de69dac7489b7c0918a5788e56477c332c"
  integrity sha512-d65bNlIadxvpb/A2abVdlqKqV563juRnZ1Wtk6s1sIR8uNsXR70xqIzVqxVf1eTqDunwT2MkczEeaezCKTZhwA==
  dependencies:
    get-intrinsic "^1.1.3"

has-proto@^1.0.1:
  version "1.0.1"
  resolved "https://registry.yarnpkg.com/has-proto/-/has-proto-1.0.1.tgz#1885c1305538958aff469fef37937c22795408e0"
  integrity sha512-7qE+iP+O+bgF9clE5+UoBFzE65mlBiVj3tKCrlNQ0Ogwm0BjpT/gK4SlLYDMybDh5I3TCTKnPPa0oMG7JDYrhg==

has-symbols@^1.0.2, has-symbols@^1.0.3:
  version "1.0.3"
  resolved "https://registry.yarnpkg.com/has-symbols/-/has-symbols-1.0.3.tgz#bb7b2c4349251dce87b125f7bdf874aa7c8b39f8"
  integrity sha512-l3LCuF6MgDNwTDKkdYGEihYjt5pRPbEg46rtlmnSPlUbgmB8LOIrKJbYYFBSbnPaJexMKtiPO8hmeRjRz2Td+A==

has-tostringtag@^1.0.0:
  version "1.0.0"
  resolved "https://registry.yarnpkg.com/has-tostringtag/-/has-tostringtag-1.0.0.tgz#7e133818a7d394734f941e73c3d3f9291e658b25"
  integrity sha512-kFjcSNhnlGV1kyoGk7OXKSawH5JOb/LzUc5w9B02hOTO0dfFRjbHQKvg1d6cf3HbeUmtU9VbbV3qzZ2Teh97WQ==
  dependencies:
    has-symbols "^1.0.2"

has@^1.0.3:
  version "1.0.3"
  resolved "https://registry.yarnpkg.com/has/-/has-1.0.3.tgz#722d7cbfc1f6aa8241f16dd814e011e1f41e8796"
  integrity sha512-f2dvO0VU6Oej7RkWJGrehjbzMAjFp5/VKPp5tTpWIV4JHHZK1/BxbFRtf/siA2SWTe09caDmVtYYzWEIbBS4zw==
  dependencies:
    function-bind "^1.1.1"

ieee754@1.1.13:
  version "1.1.13"
  resolved "https://registry.yarnpkg.com/ieee754/-/ieee754-1.1.13.tgz#ec168558e95aa181fd87d37f55c32bbcb6708b84"
  integrity sha512-4vf7I2LYV/HaWerSo3XmlMkp5eZ83i+/CDluXi/IGTs/O1sejBNhTtnxzmRZfvOUqj7lZjqHkeTvpgSFDlWZTg==

ieee754@^1.1.4:
  version "1.2.1"
  resolved "https://registry.yarnpkg.com/ieee754/-/ieee754-1.2.1.tgz#8eb7a10a63fff25d15a57b001586d177d1b0d352"
  integrity sha512-dcyqhDvX1C46lXZcVqCpK+FtMRQVdIMN6/Df5js2zouUsqG7I6sFxitIC+7KYK29KdXOLHdu9zL4sFnoVQnqaA==

inherits@^2.0.3:
  version "2.0.4"
  resolved "https://registry.yarnpkg.com/inherits/-/inherits-2.0.4.tgz#0fa2c64f932917c3433a0ded55363aae37416b7c"
  integrity sha512-k/vGaX4/Yla3WzyMCvTQOXYeIHvqOKtnqBduzTHpzpQZzAskKMhZ2K+EnBiSM9zGSoIFeMpXKxa4dYeZIQqewQ==

is-arguments@^1.0.4:
  version "1.1.1"
  resolved "https://registry.yarnpkg.com/is-arguments/-/is-arguments-1.1.1.tgz#15b3f88fda01f2a97fec84ca761a560f123efa9b"
  integrity sha512-8Q7EARjzEnKpt/PCD7e1cgUS0a6X8u5tdSiMqXhojOdoV9TsMsiO+9VLC5vAmO8N7/GmXn7yjR8qnA6bVAEzfA==
  dependencies:
    call-bind "^1.0.2"
    has-tostringtag "^1.0.0"

is-callable@^1.1.3:
  version "1.2.7"
  resolved "https://registry.yarnpkg.com/is-callable/-/is-callable-1.2.7.tgz#3bc2a85ea742d9e36205dcacdd72ca1fdc51b055"
  integrity sha512-1BC0BVFhS/p0qtw6enp8e+8OD0UrK0oFLztSjNzhcKA3WDuJxxAPXzPuPtKkjEY9UUoEWlX/8fgKeu2S8i9JTA==

is-generator-function@^1.0.7:
  version "1.0.10"
  resolved "https://registry.yarnpkg.com/is-generator-function/-/is-generator-function-1.0.10.tgz#f1558baf1ac17e0deea7c0415c438351ff2b3c72"
  integrity sha512-jsEjy9l3yiXEQ+PsXdmBwEPcOxaXWLspKdplFUVI9vq1iZgIekeC0L167qeu86czQaxed3q/Uzuw0swL0irL8A==
  dependencies:
    has-tostringtag "^1.0.0"

is-typed-array@^1.1.10, is-typed-array@^1.1.3:
  version "1.1.10"
  resolved "https://registry.yarnpkg.com/is-typed-array/-/is-typed-array-1.1.10.tgz#36a5b5cb4189b575d1a3e4b08536bfb485801e3f"
  integrity sha512-PJqgEHiWZvMpaFZ3uTc8kHPM4+4ADTlDniuQL7cU/UDA0Ql7F70yGfHph3cLNe+c9toaigv+DFzTJKhc2CtO6A==
  dependencies:
    available-typed-arrays "^1.0.5"
    call-bind "^1.0.2"
    for-each "^0.3.3"
    gopd "^1.0.1"
    has-tostringtag "^1.0.0"

isarray@^1.0.0:
  version "1.0.0"
  resolved "https://registry.yarnpkg.com/isarray/-/isarray-1.0.0.tgz#bb935d48582cba168c06834957a54a3e07124f11"
  integrity sha512-VLghIWNM6ELQzo7zwmcg0NmTVyWKYjvIeM83yjp0wRDTmUnrM678fQbcKBo6n2CJEF0szoG//ytg+TKla89ALQ==

jmespath@0.16.0:
  version "0.16.0"
  resolved "https://registry.yarnpkg.com/jmespath/-/jmespath-0.16.0.tgz#b15b0a85dfd4d930d43e69ed605943c802785076"
  integrity sha512-9FzQjJ7MATs1tSpnco1K6ayiYE3figslrXA72G2HQ/n76RzvYlofyi5QM+iX4YRs/pu3yzxlVQSST23+dMDknw==

json-stringify-safe@^5.0.1:
  version "5.0.1"
  resolved "https://registry.yarnpkg.com/json-stringify-safe/-/json-stringify-safe-5.0.1.tgz#1296a2d58fd45f19a0f6ce01d65701e2c735b6eb"
  integrity sha512-ZClg6AaYvamvYEE82d3Iyd3vSSIjQ+odgjaTzRuO3s7toCdFKczob2i0zCh7JE8kWn17yvAWhUVxvqGwUalsRA==

lodash@^4.17.21:
  version "4.17.21"
  resolved "https://registry.yarnpkg.com/lodash/-/lodash-4.17.21.tgz#679591c564c3bffaae8454cf0b3df370c3d6911c"
  integrity sha512-v2kDEe57lecTulaDIuNTPy3Ry4gLGJ6Z1O3vE1krgXZNrsQ+LFTGHVxVjcXPs17LhbZVGedAJv8XZ1tvj5FvSg==

mock-socket@^9.2.1:
  version "9.2.1"
  resolved "https://registry.yarnpkg.com/mock-socket/-/mock-socket-9.2.1.tgz#cc9c0810aa4d0afe02d721dcb2b7e657c00e2282"
  integrity sha512-aw9F9T9G2zpGipLLhSNh6ZpgUyUl4frcVmRN08uE1NWPWg43Wx6+sGPDbQ7E5iFZZDJW5b5bypMeAEHqTbIFag==

ms@2.1.2:
  version "2.1.2"
  resolved "https://registry.yarnpkg.com/ms/-/ms-2.1.2.tgz#d09d1f357b443f493382a8eb3ccd183872ae6009"
  integrity sha512-sGkPx+VjMtmA6MX27oA4FBFELFCZZ4S4XqeGOXCv68tT+jb3vk/RyaKWP0PTKyWtmLSM0b+adUTEvbs1PEaH2w==

nock@^13.3.1:
  version "13.3.1"
  resolved "https://registry.yarnpkg.com/nock/-/nock-13.3.1.tgz#f22d4d661f7a05ebd9368edae1b5dc0a62d758fc"
  integrity sha512-vHnopocZuI93p2ccivFyGuUfzjq2fxNyNurp7816mlT5V5HF4SzXu8lvLrVzBbNqzs+ODooZ6OksuSUNM7Njkw==
  dependencies:
    debug "^4.1.0"
    json-stringify-safe "^5.0.1"
    lodash "^4.17.21"
    propagate "^2.0.0"

node-domexception@^1.0.0:
  version "1.0.0"
  resolved "https://registry.yarnpkg.com/node-domexception/-/node-domexception-1.0.0.tgz#6888db46a1f71c0b76b3f7555016b63fe64766e5"
  integrity sha512-/jKZoMpw0F8GRwl4/eLROPA3cfcXtLApP0QzLmUT/HuPCZWyB7IY9ZrMeKw2O/nFIqPQB3PVM9aYm0F312AXDQ==

node-fetch@^3.3.1:
  version "3.3.1"
  resolved "https://registry.yarnpkg.com/node-fetch/-/node-fetch-3.3.1.tgz#b3eea7b54b3a48020e46f4f88b9c5a7430d20b2e"
  integrity sha512-cRVc/kyto/7E5shrWca1Wsea4y6tL9iYJE5FBCius3JQfb/4P4I295PfhgbJQBLTx6lATE4z+wK0rPM4VS2uow==
  dependencies:
    data-uri-to-buffer "^4.0.0"
    fetch-blob "^3.1.4"
    formdata-polyfill "^4.0.10"

pako@^2.0.4:
  version "2.1.0"
  resolved "https://registry.yarnpkg.com/pako/-/pako-2.1.0.tgz#266cc37f98c7d883545d11335c00fbd4062c9a86"
  integrity sha512-w+eufiZ1WuJYgPXbV/PO3NCMEc3xqylkKHzp8bxp1uW4qaSNQUkwmLLEc3kKsfz8lpV1F8Ht3U1Cm+9Srog2ug==

propagate@^2.0.0:
  version "2.0.1"
  resolved "https://registry.yarnpkg.com/propagate/-/propagate-2.0.1.tgz#40cdedab18085c792334e64f0ac17256d38f9a45"
  integrity sha512-vGrhOavPSTz4QVNuBNdcNXePNdNMaO1xj9yBeH1ScQPjk/rhg9sSlCXPhMkFuaNNW/syTvYqsnbIJxMBfRbbag==

punycode@1.3.2:
  version "1.3.2"
  resolved "https://registry.yarnpkg.com/punycode/-/punycode-1.3.2.tgz#9653a036fb7c1ee42342f2325cceefea3926c48d"
  integrity sha512-RofWgt/7fL5wP1Y7fxE7/EmTLzQVnB0ycyibJ0OOHIlJqTNzglYFxVwETOcIoJqJmpDXJ9xImDv+Fq34F/d4Dw==

querystring@0.2.0:
  version "0.2.0"
  resolved "https://registry.yarnpkg.com/querystring/-/querystring-0.2.0.tgz#b209849203bb25df820da756e747005878521620"
  integrity sha512-X/xY82scca2tau62i9mDyU9K+I+djTMUsvwf7xnUX5GLvVzgJybOJf4Y6o9Zx3oJK/LSXg5tTZBjwzqVPaPO2g==

rxjs@^7.8.1:
  version "7.8.1"
  resolved "https://registry.yarnpkg.com/rxjs/-/rxjs-7.8.1.tgz#6f6f3d99ea8044291efd92e7c7fcf562c4057543"
  integrity sha512-AA3TVj+0A2iuIoQkWEK/tqFjBq2j+6PO6Y0zJcvzLAFhEFIO3HL0vls9hWLncZbAAbK0mar7oZ4V079I/qPMxg==
  dependencies:
    tslib "^2.1.0"

sax@1.2.1:
  version "1.2.1"
  resolved "https://registry.yarnpkg.com/sax/-/sax-1.2.1.tgz#7b8e656190b228e81a66aea748480d828cd2d37a"
  integrity sha512-8I2a3LovHTOpm7NV5yOyO8IHqgVsfK4+UuySrXU8YXkSRX7k6hCV9b3HrkKCr3nMpgj+0bmocaJJWpvp1oc7ZA==

sax@>=0.6.0:
  version "1.2.4"
  resolved "https://registry.yarnpkg.com/sax/-/sax-1.2.4.tgz#2816234e2378bddc4e5354fab5caa895df7100d9"
  integrity sha512-NqVDv9TpANUjFm0N8uM5GxL36UgKi9/atZw+x7YFnQ8ckwFGKrl4xX4yWtrey3UJm5nP1kUbnYgLopqWNSRhWw==

smoldot@1.0.4:
  version "1.0.4"
  resolved "https://registry.yarnpkg.com/smoldot/-/smoldot-1.0.4.tgz#e4c38cedad68d699a11b5b9ce72bb75c891bfd98"
  integrity sha512-N3TazI1C4GGrseFH/piWyZCCCRJTRx2QhDfrUKRT4SzILlW5m8ayZ3QTKICcz1C/536T9cbHHJyP7afxI6Mi1A==
  dependencies:
    pako "^2.0.4"
    ws "^8.8.1"

tslib@^2.1.0, tslib@^2.5.0, tslib@^2.5.3:
  version "2.6.0"
  resolved "https://registry.yarnpkg.com/tslib/-/tslib-2.6.0.tgz#b295854684dbda164e181d259a22cd779dcd7bc3"
  integrity sha512-7At1WUettjcSRHXCyYtTselblcHl9PJFFVKiCAy/bY97+BPZXSQ2wbq0P9s8tK2G7dFQfNnlJnPAiArVBVBsfA==

url@0.10.3:
  version "0.10.3"
  resolved "https://registry.yarnpkg.com/url/-/url-0.10.3.tgz#021e4d9c7705f21bbf37d03ceb58767402774c64"
  integrity sha512-hzSUW2q06EqL1gKM/a+obYHLIO6ct2hwPuviqTTOcfFVc61UbfJ2Q32+uGL/HCPxKqrdGB5QUwIe7UqlDgwsOQ==
  dependencies:
    punycode "1.3.2"
    querystring "0.2.0"

util@^0.12.4:
  version "0.12.5"
  resolved "https://registry.yarnpkg.com/util/-/util-0.12.5.tgz#5f17a6059b73db61a875668781a1c2b136bd6fbc"
  integrity sha512-kZf/K6hEIrWHI6XqOFUiiMa+79wE/D8Q+NCNAWclkyg3b4d2k7s0QGepNjiABc+aR3N1PAyHL7p6UcLY6LmrnA==
  dependencies:
    inherits "^2.0.3"
    is-arguments "^1.0.4"
    is-generator-function "^1.0.7"
    is-typed-array "^1.1.3"
    which-typed-array "^1.1.2"

uuid@8.0.0:
  version "8.0.0"
  resolved "https://registry.yarnpkg.com/uuid/-/uuid-8.0.0.tgz#bc6ccf91b5ff0ac07bbcdbf1c7c4e150db4dbb6c"
  integrity sha512-jOXGuXZAWdsTH7eZLtyXMqUb9EcWMGZNbL9YcGBJl4MH4nrxHmZJhEHvyLFrkxo+28uLb/NYRcStH48fnD0Vzw==

web-streams-polyfill@^3.0.3:
  version "3.2.1"
  resolved "https://registry.yarnpkg.com/web-streams-polyfill/-/web-streams-polyfill-3.2.1.tgz#71c2718c52b45fd49dbeee88634b3a60ceab42a6"
  integrity sha512-e0MO3wdXWKrLbL0DgGnUV7WHVuw9OUvL4hjgnPkIeEvESk74gAITi5G606JtZPp39cd8HA9VQzCIvA49LpPN5Q==

which-typed-array@^1.1.2:
  version "1.1.9"
  resolved "https://registry.yarnpkg.com/which-typed-array/-/which-typed-array-1.1.9.tgz#307cf898025848cf995e795e8423c7f337efbde6"
  integrity sha512-w9c4xkx6mPidwp7180ckYWfMmvxpjlZuIudNtDf4N/tTAUB8VJbX25qZoAsrtGuYNnGw3pa0AXgbGKRB8/EceA==
  dependencies:
    available-typed-arrays "^1.0.5"
    call-bind "^1.0.2"
    for-each "^0.3.3"
    gopd "^1.0.1"
    has-tostringtag "^1.0.0"
    is-typed-array "^1.1.10"

ws@^8.13.0, ws@^8.8.1:
  version "8.13.0"
  resolved "https://registry.yarnpkg.com/ws/-/ws-8.13.0.tgz#9a9fb92f93cf41512a0735c8f4dd09b8a1211cd0"
  integrity sha512-x9vcZYTrFPC7aSIbj7sRCYo7L/Xb8Iy+pW0ng0wt2vCJv7M9HOMy0UoN3rr+IFC7hb7vXoqS+P9ktyLLLhO+LA==

xml2js@0.5.0:
  version "0.5.0"
  resolved "https://registry.yarnpkg.com/xml2js/-/xml2js-0.5.0.tgz#d9440631fbb2ed800203fad106f2724f62c493b7"
  integrity sha512-drPFnkQJik/O+uPKpqSgr22mpuFHqKdbS835iAQrUC73L2F5WkboIRd63ai/2Yg6I1jzifPFKH2NTK+cfglkIA==
  dependencies:
    sax ">=0.6.0"
    xmlbuilder "~11.0.0"

xmlbuilder@~11.0.0:
  version "11.0.1"
  resolved "https://registry.yarnpkg.com/xmlbuilder/-/xmlbuilder-11.0.1.tgz#be9bae1c8a046e76b31127726347d0ad7002beb3"
  integrity sha512-fDlsI/kFEx7gLvbecc0/ohLG50fugQp8ryHzMTuW9vSa1GJ0XYWKnhsUx7oie3G98+r56aTQIUB4kht42R3JvA==
